
Microsoft Visual Studio Solution File, Format Version 12.00
# Visual Studio Version 17
VisualStudioVersion = 17.5.33627.172
MinimumVisualStudioVersion = 10.0.40219.1
Project("{888888A0-9F3D-457C-B088-3A5042F75D52}") = "font-to-image", "font-to-image.pyproj", "{67887B79-60BC-4DB6-B669-2A14497968C0}"
EndProject
Global
	GlobalSection(SolutionConfigurationPlatforms) = preSolution
		Debug|Any CPU = Debug|Any CPU
		Release|Any CPU = Release|Any CPU
	EndGlobalSection
	GlobalSection(ProjectConfigurationPlatforms) = postSolution
		{67887B79-60BC-4DB6-B669-2A14497968C0}.Debug|Any CPU.ActiveCfg = Debug|Any CPU
		{67887B79-60BC-4DB6-B669-2A14497968C0}.Release|Any CPU.ActiveCfg = Release|Any CPU
	EndGlobalSection
	GlobalSection(SolutionProperties) = preSolution
		HideSolutionNode = FALSE
	EndGlobalSection
	GlobalSection(ExtensibilityGlobals) = postSolution
		SolutionGuid = {3DAF3BB0-C588-45F6-9071-2E61AFB94A6E}
	EndGlobalSection
EndGlobal
